
Microsoft Visual Studio Solution File, Format Version 12.00
# Visual Studio Version 17
VisualStudioVersion = 17.14.37216.2 d17.14
MinimumVisualStudioVersion = 10.0.40219.1
Project("{FAE04EC0-301F-11D3-BF4B-00C04F79EFBC}") = "WordCards", "WordCards\WordCards.csproj", "{0FF15340-1152-4278-975B-DCFC284530DC}"
EndProject
Global
	GlobalSection(SolutionConfigurationPlatforms) = preSolution
		Debug|Any CPU = Debug|Any CPU
		Release|Any CPU = Release|Any CPU
	EndGlobalSection
	GlobalSection(ProjectConfigurationPlatforms) = postSolution
		{0FF15340-1152-4278-975B-DCFC284530DC}.Debug|Any CPU.ActiveCfg = Debug|Any CPU
		{0FF15340-1152-4278-975B-DCFC284530DC}.Debug|Any CPU.Build.0 = Debug|Any CPU
		{0FF15340-1152-4278-975B-DCFC284530DC}.Release|Any CPU.ActiveCfg = Release|Any CPU
		{0FF15340-1152-4278-975B-DCFC284530DC}.Release|Any CPU.Build.0 = Release|Any CPU
	EndGlobalSection
	GlobalSection(SolutionProperties) = preSolution
		HideSolutionNode = FALSE
	EndGlobalSection
	GlobalSection(ExtensibilityGlobals) = postSolution
		SolutionGuid = {60E7C8B7-6780-4AC7-836B-715A84292387}
	EndGlobalSection
EndGlobal
